# This file was autogenerated by uv via the following command:
#    uv pip compile pyproject.toml -o uv.lock
annotated-types==0.7.0
    # via pydantic
certifi==2025.10.5
    # via requests
charset-normalizer==3.4.4
    # via requests
dacite==1.9.2
    # via monday-api-python-sdk
dateparser==1.2.1
    # via
    #   monday-wr-writer (pyproject.toml)
    #   keboola-utils
deprecated==1.3.1
    # via keboola-component
freezegun==1.5.1
    # via monday-wr-writer (pyproject.toml)
idna==3.11
    # via requests
keboola-component==1.6.10
    # via monday-wr-writer (pyproject.toml)
keboola-http-client==1.0.1
    # via monday-wr-writer (pyproject.toml)
keboola-utils==1.1.0
    # via monday-wr-writer (pyproject.toml)
mock==5.2.0
    # via monday-wr-writer (pyproject.toml)
monday-api-python-sdk==1.5.1
    # via monday-wr-writer (pyproject.toml)
pydantic==2.11.4
    # via monday-wr-writer (pyproject.toml)
pydantic-core==2.33.2
    # via pydantic
pygelf==0.4.3
    # via keboola-component
python-dateutil==2.9.0.post0
    # via
    #   dateparser
    #   freezegun
pytz==2025.2
    # via
    #   monday-wr-writer (pyproject.toml)
    #   dateparser
    #   keboola-component
    #   keboola-utils
regex==2025.11.3
    # via dateparser
requests==2.32.5
    # via
    #   keboola-http-client
    #   monday-api-python-sdk
six==1.17.0
    # via python-dateutil
typing-extensions==4.15.0
    # via
    #   pydantic
    #   pydantic-core
    #   typing-inspection
typing-inspection==0.4.2
    # via pydantic
tzlocal==5.3.1
    # via dateparser
urllib3==2.5.0
    # via requests
wrapt==2.0.0
    # via deprecated
